// !$*UTF8*$!
{
	archiveVersion = 1;
	classes = {
	};
	objectVersion = 50;
	objects = {

/* Begin PBXBuildFile section */
		49AAB3D823F384CD00D30380 /* AppDelegate.swift in Sources */ = {isa = PBXBuildFile; fileRef = 49AAB3D723F384CD00D30380 /* AppDelegate.swift */; };
		49AAB3DA23F384CD00D30380 /* ContentView.swift in Sources */ = {isa = PBXBuildFile; fileRef = 49AAB3D923F384CD00D30380 /* ContentView.swift */; };
		49AAB3DC23F384CF00D30380 /* Assets.xcassets in Resources */ = {isa = PBXBuildFile; fileRef = 49AAB3DB23F384CF00D30380 /* Assets.xcassets */; };
		49AAB3DF23F384CF00D30380 /* Preview Assets.xcassets in Resources */ = {isa = PBXBuildFile; fileRef = 49AAB3DE23F384CF00D30380 /* Preview Assets.xcassets */; };
		49AAB3E223F384CF00D30380 /* Main.storyboard in Resources */ = {isa = PBXBuildFile; fileRef = 49AAB3E023F384CF00D30380 /* Main.storyboard */; };
		49AAB3F423F3853400D30380 /* libonnxruntime_framework.a in Frameworks */ = {isa = PBXBuildFile; fileRef = 49AAB3EB23F3851200D30380 /* libonnxruntime_framework.a */; };
		49AAB3F523F3853400D30380 /* libonnxruntime_graph.a in Frameworks */ = {isa = PBXBuildFile; fileRef = 49AAB3F223F3851200D30380 /* libonnxruntime_graph.a */; };
		49AAB3F623F3853400D30380 /* libonnxruntime_mlas.a in Frameworks */ = {isa = PBXBuildFile; fileRef = 49AAB3EE23F3851200D30380 /* libonnxruntime_mlas.a */; };
		49AAB3F723F3853400D30380 /* libonnxruntime_optimizer.a in Frameworks */ = {isa = PBXBuildFile; fileRef = 49AAB3ED23F3851200D30380 /* libonnxruntime_optimizer.a */; };
		49AAB3F823F3853400D30380 /* libonnxruntime_providers.a in Frameworks */ = {isa = PBXBuildFile; fileRef = 49AAB3F323F3851200D30380 /* libonnxruntime_providers.a */; };
		49AAB3F923F3853400D30380 /* libonnxruntime_session.a in Frameworks */ = {isa = PBXBuildFile; fileRef = 49AAB3F123F3851200D30380 /* libonnxruntime_session.a */; };
		49AAB3FA23F3853400D30380 /* libonnxruntime_test_utils.a in Frameworks */ = {isa = PBXBuildFile; fileRef = 49AAB3EC23F3851200D30380 /* libonnxruntime_test_utils.a */; };
		49AAB3FB23F3853400D30380 /* libonnxruntime_util.a in Frameworks */ = {isa = PBXBuildFile; fileRef = 49AAB3F023F3851200D30380 /* libonnxruntime_util.a */; };
		49AAB3FD23F3854C00D30380 /* libonnx_test_runner_common.a in Frameworks */ = {isa = PBXBuildFile; fileRef = 49AAB3EF23F3851200D30380 /* libonnx_test_runner_common.a */; };
		49AAB40023F3858A00D30380 /* libgmockd.a in Frameworks */ = {isa = PBXBuildFile; fileRef = 49AAB3FE23F3856600D30380 /* libgmockd.a */; settings = {ATTRIBUTES = (Required, ); }; };
		49AAB40123F3858A00D30380 /* libgtestd.a in Frameworks */ = {isa = PBXBuildFile; fileRef = 49AAB3FF23F3856600D30380 /* libgtestd.a */; };
		49AAB40423F3859B00D30380 /* libonnx_proto.a in Frameworks */ = {isa = PBXBuildFile; fileRef = 49AAB40223F3859700D30380 /* libonnx_proto.a */; };
		49AAB40523F3859B00D30380 /* libonnx.a in Frameworks */ = {isa = PBXBuildFile; fileRef = 49AAB40323F3859700D30380 /* libonnx.a */; };
		49AAB40723F385B200D30380 /* libprotobuf-lited.a in Frameworks */ = {isa = PBXBuildFile; fileRef = 49AAB40623F385AF00D30380 /* libprotobuf-lited.a */; };
		49AAB40923F385BC00D30380 /* libre2.a in Frameworks */ = {isa = PBXBuildFile; fileRef = 49AAB40823F385B900D30380 /* libre2.a */; };
		49AAB40D23F385DC00D30380 /* onnx.cpp in Sources */ = {isa = PBXBuildFile; fileRef = 49AAB40B23F385DC00D30380 /* onnx.cpp */; };
		49AAB41C23F3880200D30380 /* libonnxruntime_providers.a in Frameworks */ = {isa = PBXBuildFile; fileRef = 49AAB41123F387FE00D30380 /* libonnxruntime_providers.a */; };
		49AAB41D23F3880200D30380 /* libonnxruntime_common.a in Frameworks */ = {isa = PBXBuildFile; fileRef = 49AAB41223F387FF00D30380 /* libonnxruntime_common.a */; };
		49AAB41E23F3880200D30380 /* libonnxruntime_util.a in Frameworks */ = {isa = PBXBuildFile; fileRef = 49AAB41323F387FF00D30380 /* libonnxruntime_util.a */; };
		49AAB41F23F3880200D30380 /* libonnx_test_runner_common.a in Frameworks */ = {isa = PBXBuildFile; fileRef = 49AAB41423F387FF00D30380 /* libonnx_test_runner_common.a */; };
		49AAB42023F3880200D30380 /* libonnxruntime_test_utils.a in Frameworks */ = {isa = PBXBuildFile; fileRef = 49AAB41523F387FF00D30380 /* libonnxruntime_test_utils.a */; };
		49AAB42123F3880200D30380 /* libonnxruntime_session.a in Frameworks */ = {isa = PBXBuildFile; fileRef = 49AAB41623F387FF00D30380 /* libonnxruntime_session.a */; };
		49AAB42223F3880200D30380 /* libonnxruntime_graph.a in Frameworks */ = {isa = PBXBuildFile; fileRef = 49AAB41723F3880000D30380 /* libonnxruntime_graph.a */; };
		49AAB42323F3880200D30380 /* libonnxruntime_optimizer.a in Frameworks */ = {isa = PBXBuildFile; fileRef = 49AAB41823F3880100D30380 /* libonnxruntime_optimizer.a */; };
		49AAB42423F3880200D30380 /* libonnx_test_data_proto.a in Frameworks */ = {isa = PBXBuildFile; fileRef = 49AAB41923F3880100D30380 /* libonnx_test_data_proto.a */; };
		49AAB42523F3880200D30380 /* libonnxruntime_framework.a in Frameworks */ = {isa = PBXBuildFile; fileRef = 49AAB41A23F3880200D30380 /* libonnxruntime_framework.a */; };
		49AAB42623F3880200D30380 /* libonnxruntime_mlas.a in Frameworks */ = {isa = PBXBuildFile; fileRef = 49AAB41B23F3880200D30380 /* libonnxruntime_mlas.a */; };
		49AAB42923F3880300D30380 /* libgtestd.a in Frameworks */ = {isa = PBXBuildFile; fileRef = 49AAB42723F3880200D30380 /* libgtestd.a */; };
		49AAB42A23F3880300D30380 /* libgmockd.a in Frameworks */ = {isa = PBXBuildFile; fileRef = 49AAB42823F3880300D30380 /* libgmockd.a */; };
		49AAB42C23F3880C00D30380 /* libprotobuf-lited.a in Frameworks */ = {isa = PBXBuildFile; fileRef = 49AAB42B23F3880C00D30380 /* libprotobuf-lited.a */; };
		49AAB42E23F3882100D30380 /* libonnx.a in Frameworks */ = {isa = PBXBuildFile; fileRef = 49AAB42D23F3882100D30380 /* libonnx.a */; };
		49AAB43023F3883500D30380 /* libre2.a in Frameworks */ = {isa = PBXBuildFile; fileRef = 49AAB42F23F3883500D30380 /* libre2.a */; };
		49AAB43223F3884A00D30380 /* libonnx_proto.a in Frameworks */ = {isa = PBXBuildFile; fileRef = 49AAB43123F3884A00D30380 /* libonnx_proto.a */; };
/* End PBXBuildFile section */

/* Begin PBXFileReference section */
		49AAB3D423F384CD00D30380 /* OnnxMnist.app */ = {isa = PBXFileReference; explicitFileType = wrapper.application; includeInIndex = 0; path = OnnxMnist.app; sourceTree = BUILT_PRODUCTS_DIR; };
		49AAB3D723F384CD00D30380 /* AppDelegate.swift */ = {isa = PBXFileReference; lastKnownFileType = sourcecode.swift; path = AppDelegate.swift; sourceTree = "<group>"; };
		49AAB3D923F384CD00D30380 /* ContentView.swift */ = {isa = PBXFileReference; lastKnownFileType = sourcecode.swift; path = ContentView.swift; sourceTree = "<group>"; };
		49AAB3DB23F384CF00D30380 /* Assets.xcassets */ = {isa = PBXFileReference; lastKnownFileType = folder.assetcatalog; path = Assets.xcassets; sourceTree = "<group>"; };
		49AAB3DE23F384CF00D30380 /* Preview Assets.xcassets */ = {isa = PBXFileReference; lastKnownFileType = folder.assetcatalog; path = "Preview Assets.xcassets"; sourceTree = "<group>"; };
		49AAB3E123F384CF00D30380 /* Base */ = {isa = PBXFileReference; lastKnownFileType = file.storyboard; name = Base; path = Base.lproj/Main.storyboard; sourceTree = "<group>"; };
		49AAB3E323F384CF00D30380 /* Info.plist */ = {isa = PBXFileReference; lastKnownFileType = text.plist.xml; path = Info.plist; sourceTree = "<group>"; };
		49AAB3E423F384CF00D30380 /* OnnxMnist.entitlements */ = {isa = PBXFileReference; lastKnownFileType = text.plist.entitlements; path = OnnxMnist.entitlements; sourceTree = "<group>"; };
		49AAB3EB23F3851200D30380 /* libonnxruntime_framework.a */ = {isa = PBXFileReference; lastKnownFileType = archive.ar; name = libonnxruntime_framework.a; path = ../onnxruntime/build/Linux/Debug/libonnxruntime_framework.a; sourceTree = "<group>"; };
		49AAB3EC23F3851200D30380 /* libonnxruntime_test_utils.a */ = {isa = PBXFileReference; lastKnownFileType = archive.ar; name = libonnxruntime_test_utils.a; path = ../onnxruntime/build/Linux/Debug/libonnxruntime_test_utils.a; sourceTree = "<group>"; };
		49AAB3ED23F3851200D30380 /* libonnxruntime_optimizer.a */ = {isa = PBXFileReference; lastKnownFileType = archive.ar; name = libonnxruntime_optimizer.a; path = ../onnxruntime/build/Linux/Debug/libonnxruntime_optimizer.a; sourceTree = "<group>"; };
		49AAB3EE23F3851200D30380 /* libonnxruntime_mlas.a */ = {isa = PBXFileReference; lastKnownFileType = archive.ar; name = libonnxruntime_mlas.a; path = ../onnxruntime/build/Linux/Debug/libonnxruntime_mlas.a; sourceTree = "<group>"; };
		49AAB3EF23F3851200D30380 /* libonnx_test_runner_common.a */ = {isa = PBXFileReference; lastKnownFileType = archive.ar; name = libonnx_test_runner_common.a; path = ../onnxruntime/build/Linux/Debug/libonnx_test_runner_common.a; sourceTree = "<group>"; };
		49AAB3F023F3851200D30380 /* libonnxruntime_util.a */ = {isa = PBXFileReference; lastKnownFileType = archive.ar; name = libonnxruntime_util.a; path = ../onnxruntime/build/Linux/Debug/libonnxruntime_util.a; sourceTree = "<group>"; };
		49AAB3F123F3851200D30380 /* libonnxruntime_session.a */ = {isa = PBXFileReference; lastKnownFileType = archive.ar; name = libonnxruntime_session.a; path = ../onnxruntime/build/Linux/Debug/libonnxruntime_session.a; sourceTree = "<group>"; };
		49AAB3F223F3851200D30380 /* libonnxruntime_graph.a */ = {isa = PBXFileReference; lastKnownFileType = archive.ar; name = libonnxruntime_graph.a; path = ../onnxruntime/build/Linux/Debug/libonnxruntime_graph.a; sourceTree = "<group>"; };
		49AAB3F323F3851200D30380 /* libonnxruntime_providers.a */ = {isa = PBXFileReference; lastKnownFileType = archive.ar; name = libonnxruntime_providers.a; path = ../onnxruntime/build/Linux/Debug/libonnxruntime_providers.a; sourceTree = "<group>"; };
		49AAB3FC23F3853400D30380 /* libonnxruntime_common.a */ = {isa = PBXFileReference; lastKnownFileType = archive.ar; name = libonnxruntime_common.a; path = ../onnxruntime/build/Linux/Debug/libonnxruntime_common.a; sourceTree = "<group>"; };
		49AAB3FE23F3856600D30380 /* libgmockd.a */ = {isa = PBXFileReference; lastKnownFileType = archive.ar; name = libgmockd.a; path = ../onnxruntime/build/Linux/Debug/lib/libgmockd.a; sourceTree = "<group>"; };
		49AAB3FF23F3856600D30380 /* libgtestd.a */ = {isa = PBXFileReference; lastKnownFileType = archive.ar; name = libgtestd.a; path = ../onnxruntime/build/Linux/Debug/lib/libgtestd.a; sourceTree = "<group>"; };
		49AAB40223F3859700D30380 /* libonnx_proto.a */ = {isa = PBXFileReference; lastKnownFileType = archive.ar; name = libonnx_proto.a; path = ../onnxruntime/build/Linux/Debug/onnx/libonnx_proto.a; sourceTree = "<group>"; };
		49AAB40323F3859700D30380 /* libonnx.a */ = {isa = PBXFileReference; lastKnownFileType = archive.ar; name = libonnx.a; path = ../onnxruntime/build/Linux/Debug/onnx/libonnx.a; sourceTree = "<group>"; };
		49AAB40623F385AF00D30380 /* libprotobuf-lited.a */ = {isa = PBXFileReference; lastKnownFileType = archive.ar; name = "libprotobuf-lited.a"; path = "../onnxruntime/build/Linux/Debug/external/protobuf/cmake/libprotobuf-lited.a"; sourceTree = "<group>"; };
		49AAB40823F385B900D30380 /* libre2.a */ = {isa = PBXFileReference; lastKnownFileType = archive.ar; name = libre2.a; path = ../onnxruntime/build/Linux/Debug/external/re2/libre2.a; sourceTree = "<group>"; };
		49AAB40A23F385DB00D30380 /* OnnxMnist-Bridging-Header.h */ = {isa = PBXFileReference; lastKnownFileType = sourcecode.c.h; path = "OnnxMnist-Bridging-Header.h"; sourceTree = "<group>"; };
		49AAB40B23F385DC00D30380 /* onnx.cpp */ = {isa = PBXFileReference; lastKnownFileType = sourcecode.cpp.cpp; path = onnx.cpp; sourceTree = "<group>"; };
		49AAB40C23F385DC00D30380 /* onnx.hpp */ = {isa = PBXFileReference; lastKnownFileType = sourcecode.cpp.h; path = onnx.hpp; sourceTree = "<group>"; };
		49AAB40E23F3861C00D30380 /* onnxruntime_cxx_api.h */ = {isa = PBXFileReference; fileEncoding = 4; lastKnownFileType = sourcecode.c.h; path = onnxruntime_cxx_api.h; sourceTree = "<group>"; };
		49AAB40F23F3861C00D30380 /* onnxruntime_c_api.h */ = {isa = PBXFileReference; fileEncoding = 4; lastKnownFileType = sourcecode.c.h; path = onnxruntime_c_api.h; sourceTree = "<group>"; };
		49AAB41023F3867800D30380 /* onnxruntime_cxx_inline.h */ = {isa = PBXFileReference; fileEncoding = 4; lastKnownFileType = sourcecode.c.h; path = onnxruntime_cxx_inline.h; sourceTree = "<group>"; };
		49AAB41123F387FE00D30380 /* libonnxruntime_providers.a */ = {isa = PBXFileReference; lastKnownFileType = archive.ar; path = libonnxruntime_providers.a; sourceTree = "<group>"; };
		49AAB41223F387FF00D30380 /* libonnxruntime_common.a */ = {isa = PBXFileReference; lastKnownFileType = archive.ar; path = libonnxruntime_common.a; sourceTree = "<group>"; };
		49AAB41323F387FF00D30380 /* libonnxruntime_util.a */ = {isa = PBXFileReference; lastKnownFileType = archive.ar; path = libonnxruntime_util.a; sourceTree = "<group>"; };
		49AAB41423F387FF00D30380 /* libonnx_test_runner_common.a */ = {isa = PBXFileReference; lastKnownFileType = archive.ar; path = libonnx_test_runner_common.a; sourceTree = "<group>"; };
		49AAB41523F387FF00D30380 /* libonnxruntime_test_utils.a */ = {isa = PBXFileReference; lastKnownFileType = archive.ar; path = libonnxruntime_test_utils.a; sourceTree = "<group>"; };
		49AAB41623F387FF00D30380 /* libonnxruntime_session.a */ = {isa = PBXFileReference; lastKnownFileType = archive.ar; path = libonnxruntime_session.a; sourceTree = "<group>"; };
		49AAB41723F3880000D30380 /* libonnxruntime_graph.a */ = {isa = PBXFileReference; lastKnownFileType = archive.ar; path = libonnxruntime_graph.a; sourceTree = "<group>"; };
		49AAB41823F3880100D30380 /* libonnxruntime_optimizer.a */ = {isa = PBXFileReference; lastKnownFileType = archive.ar; path = libonnxruntime_optimizer.a; sourceTree = "<group>"; };
		49AAB41923F3880100D30380 /* libonnx_test_data_proto.a */ = {isa = PBXFileReference; lastKnownFileType = archive.ar; path = libonnx_test_data_proto.a; sourceTree = "<group>"; };
		49AAB41A23F3880200D30380 /* libonnxruntime_framework.a */ = {isa = PBXFileReference; lastKnownFileType = archive.ar; path = libonnxruntime_framework.a; sourceTree = "<group>"; };
		49AAB41B23F3880200D30380 /* libonnxruntime_mlas.a */ = {isa = PBXFileReference; lastKnownFileType = archive.ar; path = libonnxruntime_mlas.a; sourceTree = "<group>"; };
		49AAB42723F3880200D30380 /* libgtestd.a */ = {isa = PBXFileReference; lastKnownFileType = archive.ar; path = libgtestd.a; sourceTree = "<group>"; };
		49AAB42823F3880300D30380 /* libgmockd.a */ = {isa = PBXFileReference; lastKnownFileType = archive.ar; path = libgmockd.a; sourceTree = "<group>"; };
		49AAB42B23F3880C00D30380 /* libprotobuf-lited.a */ = {isa = PBXFileReference; lastKnownFileType = archive.ar; path = "libprotobuf-lited.a"; sourceTree = "<group>"; };
		49AAB42D23F3882100D30380 /* libonnx.a */ = {isa = PBXFileReference; lastKnownFileType = archive.ar; path = libonnx.a; sourceTree = "<group>"; };
		49AAB42F23F3883500D30380 /* libre2.a */ = {isa = PBXFileReference; lastKnownFileType = archive.ar; path = libre2.a; sourceTree = "<group>"; };
		49AAB43123F3884A00D30380 /* libonnx_proto.a */ = {isa = PBXFileReference; lastKnownFileType = archive.ar; path = libonnx_proto.a; sourceTree = "<group>"; };
		49AAB43323F3ACB300D30380 /* testFile.cpp */ = {isa = PBXFileReference; lastKnownFileType = sourcecode.cpp.cpp; path = testFile.cpp; sourceTree = "<group>"; };
		49AAB43423F3ACB300D30380 /* testFile.hpp */ = {isa = PBXFileReference; lastKnownFileType = sourcecode.cpp.h; path = testFile.hpp; sourceTree = "<group>"; };
/* End PBXFileReference section */

/* Begin PBXFrameworksBuildPhase section */
		49AAB3D123F384CD00D30380 /* Frameworks */ = {
			isa = PBXFrameworksBuildPhase;
			buildActionMask = 2147483647;
			files = (
				49AAB40023F3858A00D30380 /* libgmockd.a in Frameworks */,
				49AAB40723F385B200D30380 /* libprotobuf-lited.a in Frameworks */,
				49AAB42E23F3882100D30380 /* libonnx.a in Frameworks */,
				49AAB42223F3880200D30380 /* libonnxruntime_graph.a in Frameworks */,
				49AAB3F923F3853400D30380 /* libonnxruntime_session.a in Frameworks */,
				49AAB42123F3880200D30380 /* libonnxruntime_session.a in Frameworks */,
				49AAB42423F3880200D30380 /* libonnx_test_data_proto.a in Frameworks */,
				49AAB3F523F3853400D30380 /* libonnxruntime_graph.a in Frameworks */,
				49AAB41C23F3880200D30380 /* libonnxruntime_providers.a in Frameworks */,
				49AAB3F823F3853400D30380 /* libonnxruntime_providers.a in Frameworks */,
				49AAB41D23F3880200D30380 /* libonnxruntime_common.a in Frameworks */,
				49AAB43223F3884A00D30380 /* libonnx_proto.a in Frameworks */,
				49AAB3FA23F3853400D30380 /* libonnxruntime_test_utils.a in Frameworks */,
				49AAB43023F3883500D30380 /* libre2.a in Frameworks */,
				49AAB40523F3859B00D30380 /* libonnx.a in Frameworks */,
				49AAB40923F385BC00D30380 /* libre2.a in Frameworks */,
				49AAB3F723F3853400D30380 /* libonnxruntime_optimizer.a in Frameworks */,
				49AAB42A23F3880300D30380 /* libgmockd.a in Frameworks */,
				49AAB3F423F3853400D30380 /* libonnxruntime_framework.a in Frameworks */,
				49AAB40423F3859B00D30380 /* libonnx_proto.a in Frameworks */,
				49AAB3F623F3853400D30380 /* libonnxruntime_mlas.a in Frameworks */,
				49AAB3FB23F3853400D30380 /* libonnxruntime_util.a in Frameworks */,
				49AAB41F23F3880200D30380 /* libonnx_test_runner_common.a in Frameworks */,
				49AAB3FD23F3854C00D30380 /* libonnx_test_runner_common.a in Frameworks */,
				49AAB42923F3880300D30380 /* libgtestd.a in Frameworks */,
				49AAB40123F3858A00D30380 /* libgtestd.a in Frameworks */,
				49AAB41E23F3880200D30380 /* libonnxruntime_util.a in Frameworks */,
				49AAB42C23F3880C00D30380 /* libprotobuf-lited.a in Frameworks */,
				49AAB42623F3880200D30380 /* libonnxruntime_mlas.a in Frameworks */,
				49AAB42023F3880200D30380 /* libonnxruntime_test_utils.a in Frameworks */,
				49AAB42323F3880200D30380 /* libonnxruntime_optimizer.a in Frameworks */,
				49AAB42523F3880200D30380 /* libonnxruntime_framework.a in Frameworks */,
			);
			runOnlyForDeploymentPostprocessing = 0;
		};
/* End PBXFrameworksBuildPhase section */

/* Begin PBXGroup section */
		49AAB3CB23F384CD00D30380 = {
			isa = PBXGroup;
			children = (
				49AAB3D623F384CD00D30380 /* OnnxMnist */,
				49AAB3D523F384CD00D30380 /* Products */,
				49AAB3EA23F3851200D30380 /* Frameworks */,
			);
			sourceTree = "<group>";
		};
		49AAB3D523F384CD00D30380 /* Products */ = {
			isa = PBXGroup;
			children = (
				49AAB3D423F384CD00D30380 /* OnnxMnist.app */,
			);
			name = Products;
			sourceTree = "<group>";
		};
		49AAB3D623F384CD00D30380 /* OnnxMnist */ = {
			isa = PBXGroup;
			children = (
				49AAB3D723F384CD00D30380 /* AppDelegate.swift */,
				49AAB3D923F384CD00D30380 /* ContentView.swift */,
				49AAB3DB23F384CF00D30380 /* Assets.xcassets */,
				49AAB3E023F384CF00D30380 /* Main.storyboard */,
				49AAB3E323F384CF00D30380 /* Info.plist */,
				49AAB3E423F384CF00D30380 /* OnnxMnist.entitlements */,
				49AAB3DD23F384CF00D30380 /* Preview Content */,
				49AAB40B23F385DC00D30380 /* onnx.cpp */,
				49AAB41023F3867800D30380 /* onnxruntime_cxx_inline.h */,
				49AAB40F23F3861C00D30380 /* onnxruntime_c_api.h */,
				49AAB40E23F3861C00D30380 /* onnxruntime_cxx_api.h */,
				49AAB40C23F385DC00D30380 /* onnx.hpp */,
				49AAB40A23F385DB00D30380 /* OnnxMnist-Bridging-Header.h */,
				49AAB41923F3880100D30380 /* libonnx_test_data_proto.a */,
				49AAB42F23F3883500D30380 /* libre2.a */,
				49AAB41423F387FF00D30380 /* libonnx_test_runner_common.a */,
				49AAB41223F387FF00D30380 /* libonnxruntime_common.a */,
				49AAB41A23F3880200D30380 /* libonnxruntime_framework.a */,
				49AAB42D23F3882100D30380 /* libonnx.a */,
				49AAB42823F3880300D30380 /* libgmockd.a */,
				49AAB42B23F3880C00D30380 /* libprotobuf-lited.a */,
				49AAB42723F3880200D30380 /* libgtestd.a */,
				49AAB41723F3880000D30380 /* libonnxruntime_graph.a */,
				49AAB43123F3884A00D30380 /* libonnx_proto.a */,
				49AAB41B23F3880200D30380 /* libonnxruntime_mlas.a */,
				49AAB41823F3880100D30380 /* libonnxruntime_optimizer.a */,
				49AAB41123F387FE00D30380 /* libonnxruntime_providers.a */,
				49AAB41623F387FF00D30380 /* libonnxruntime_session.a */,
				49AAB41523F387FF00D30380 /* libonnxruntime_test_utils.a */,
				49AAB41323F387FF00D30380 /* libonnxruntime_util.a */,
				49AAB43323F3ACB300D30380 /* testFile.cpp */,
				49AAB43423F3ACB300D30380 /* testFile.hpp */,
			);
			path = OnnxMnist;
			sourceTree = "<group>";
		};
		49AAB3DD23F384CF00D30380 /* Preview Content */ = {
			isa = PBXGroup;
			children = (
				49AAB3DE23F384CF00D30380 /* Preview Assets.xcassets */,
			);
			path = "Preview Content";
			sourceTree = "<group>";
		};
		49AAB3EA23F3851200D30380 /* Frameworks */ = {
			isa = PBXGroup;
			children = (
				49AAB40823F385B900D30380 /* libre2.a */,
				49AAB40623F385AF00D30380 /* libprotobuf-lited.a */,
				49AAB40223F3859700D30380 /* libonnx_proto.a */,
				49AAB40323F3859700D30380 /* libonnx.a */,
				49AAB3FE23F3856600D30380 /* libgmockd.a */,
				49AAB3FF23F3856600D30380 /* libgtestd.a */,
				49AAB3FC23F3853400D30380 /* libonnxruntime_common.a */,
				49AAB3EF23F3851200D30380 /* libonnx_test_runner_common.a */,
				49AAB3EB23F3851200D30380 /* libonnxruntime_framework.a */,
				49AAB3F223F3851200D30380 /* libonnxruntime_graph.a */,
				49AAB3EE23F3851200D30380 /* libonnxruntime_mlas.a */,
				49AAB3ED23F3851200D30380 /* libonnxruntime_optimizer.a */,
				49AAB3F323F3851200D30380 /* libonnxruntime_providers.a */,
				49AAB3F123F3851200D30380 /* libonnxruntime_session.a */,
				49AAB3EC23F3851200D30380 /* libonnxruntime_test_utils.a */,
				49AAB3F023F3851200D30380 /* libonnxruntime_util.a */,
			);
			name = Frameworks;
			sourceTree = "<group>";
		};
/* End PBXGroup section */

/* Begin PBXNativeTarget section */
		49AAB3D323F384CD00D30380 /* OnnxMnist */ = {
			isa = PBXNativeTarget;
			buildConfigurationList = 49AAB3E723F384CF00D30380 /* Build configuration list for PBXNativeTarget "OnnxMnist" */;
			buildPhases = (
				49AAB3D023F384CD00D30380 /* Sources */,
				49AAB3D123F384CD00D30380 /* Frameworks */,
				49AAB3D223F384CD00D30380 /* Resources */,
			);
			buildRules = (
			);
			dependencies = (
			);
			name = OnnxMnist;
			productName = OnnxMnist;
			productReference = 49AAB3D423F384CD00D30380 /* OnnxMnist.app */;
			productType = "com.apple.product-type.application";
		};
/* End PBXNativeTarget section */

/* Begin PBXProject section */
		49AAB3CC23F384CD00D30380 /* Project object */ = {
			isa = PBXProject;
			attributes = {
				LastSwiftUpdateCheck = 1140;
				LastUpgradeCheck = 1140;
				ORGANIZATIONNAME = "Miguel de Icaza";
				TargetAttributes = {
					49AAB3D323F384CD00D30380 = {
						CreatedOnToolsVersion = 11.4;
						LastSwiftMigration = 1140;
					};
				};
			};
			buildConfigurationList = 49AAB3CF23F384CD00D30380 /* Build configuration list for PBXProject "OnnxMnist" */;
			compatibilityVersion = "Xcode 9.3";
			developmentRegion = en;
			hasScannedForEncodings = 0;
			knownRegions = (
				en,
				Base,
			);
			mainGroup = 49AAB3CB23F384CD00D30380;
			productRefGroup = 49AAB3D523F384CD00D30380 /* Products */;
			projectDirPath = "";
			projectRoot = "";
			targets = (
				49AAB3D323F384CD00D30380 /* OnnxMnist */,
			);
		};
/* End PBXProject section */

/* Begin PBXResourcesBuildPhase section */
		49AAB3D223F384CD00D30380 /* Resources */ = {
			isa = PBXResourcesBuildPhase;
			buildActionMask = 2147483647;
			files = (
				49AAB3E223F384CF00D30380 /* Main.storyboard in Resources */,
				49AAB3DF23F384CF00D30380 /* Preview Assets.xcassets in Resources */,
				49AAB3DC23F384CF00D30380 /* Assets.xcassets in Resources */,
			);
			runOnlyForDeploymentPostprocessing = 0;
		};
/* End PBXResourcesBuildPhase section */

/* Begin PBXSourcesBuildPhase section */
		49AAB3D023F384CD00D30380 /* Sources */ = {
			isa = PBXSourcesBuildPhase;
			buildActionMask = 2147483647;
			files = (
				49AAB3DA23F384CD00D30380 /* ContentView.swift in Sources */,
				49AAB3D823F384CD00D30380 /* AppDelegate.swift in Sources */,
				49AAB40D23F385DC00D30380 /* onnx.cpp in Sources */,
			);
			runOnlyForDeploymentPostprocessing = 0;
		};
/* End PBXSourcesBuildPhase section */

/* Begin PBXVariantGroup section */
		49AAB3E023F384CF00D30380 /* Main.storyboard */ = {
			isa = PBXVariantGroup;
			children = (
				49AAB3E123F384CF00D30380 /* Base */,
			);
			name = Main.storyboard;
			sourceTree = "<group>";
		};
/* End PBXVariantGroup section */

/* Begin XCBuildConfiguration section */
		49AAB3E523F384CF00D30380 /* Debug */ = {
			isa = XCBuildConfiguration;
			buildSettings = {
				ALWAYS_SEARCH_USER_PATHS = NO;
				CLANG_ANALYZER_NONNULL = YES;
				CLANG_ANALYZER_NUMBER_OBJECT_CONVERSION = YES_AGGRESSIVE;
				CLANG_CXX_LANGUAGE_STANDARD = "gnu++14";
				CLANG_CXX_LIBRARY = "libc++";
				CLANG_ENABLE_MODULES = YES;
				CLANG_ENABLE_OBJC_ARC = YES;
				CLANG_ENABLE_OBJC_WEAK = YES;
				CLANG_WARN_BLOCK_CAPTURE_AUTORELEASING = YES;
				CLANG_WARN_BOOL_CONVERSION = YES;
				CLANG_WARN_COMMA = YES;
				CLANG_WARN_CONSTANT_CONVERSION = YES;
				CLANG_WARN_DEPRECATED_OBJC_IMPLEMENTATIONS = YES;
				CLANG_WARN_DIRECT_OBJC_ISA_USAGE = YES_ERROR;
				CLANG_WARN_DOCUMENTATION_COMMENTS = YES;
				CLANG_WARN_EMPTY_BODY = YES;
				CLANG_WARN_ENUM_CONVERSION = YES;
				CLANG_WARN_INFINITE_RECURSION = YES;
				CLANG_WARN_INT_CONVERSION = YES;
				CLANG_WARN_NON_LITERAL_NULL_CONVERSION = YES;
				CLANG_WARN_OBJC_IMPLICIT_RETAIN_SELF = YES;
				CLANG_WARN_OBJC_LITERAL_CONVERSION = YES;
				CLANG_WARN_OBJC_ROOT_CLASS = YES_ERROR;
				CLANG_WARN_RANGE_LOOP_ANALYSIS = YES;
				CLANG_WARN_STRICT_PROTOTYPES = YES;
				CLANG_WARN_SUSPICIOUS_MOVE = YES;
				CLANG_WARN_UNGUARDED_AVAILABILITY = YES_AGGRESSIVE;
				CLANG_WARN_UNREACHABLE_CODE = YES;
				CLANG_WARN__DUPLICATE_METHOD_MATCH = YES;
				COPY_PHASE_STRIP = NO;
				DEBUG_INFORMATION_FORMAT = dwarf;
				ENABLE_STRICT_OBJC_MSGSEND = YES;
				ENABLE_TESTABILITY = YES;
				GCC_C_LANGUAGE_STANDARD = gnu11;
				GCC_DYNAMIC_NO_PIC = NO;
				GCC_NO_COMMON_BLOCKS = YES;
				GCC_OPTIMIZATION_LEVEL = 0;
				GCC_PREPROCESSOR_DEFINITIONS = (
					"DEBUG=1",
					"$(inherited)",
				);
				GCC_WARN_64_TO_32_BIT_CONVERSION = YES;
				GCC_WARN_ABOUT_RETURN_TYPE = YES_ERROR;
				GCC_WARN_UNDECLARED_SELECTOR = YES;
				GCC_WARN_UNINITIALIZED_AUTOS = YES_AGGRESSIVE;
				GCC_WARN_UNUSED_FUNCTION = YES;
				GCC_WARN_UNUSED_VARIABLE = YES;
				MACOSX_DEPLOYMENT_TARGET = 10.15;
				MTL_ENABLE_DEBUG_INFO = INCLUDE_SOURCE;
				MTL_FAST_MATH = YES;
				ONLY_ACTIVE_ARCH = YES;
				SDKROOT = macosx;
				SWIFT_ACTIVE_COMPILATION_CONDITIONS = DEBUG;
				SWIFT_OPTIMIZATION_LEVEL = "-Onone";
			};
			name = Debug;
		};
		49AAB3E623F384CF00D30380 /* Release */ = {
			isa = XCBuildConfiguration;
			buildSettings = {
				ALWAYS_SEARCH_USER_PATHS = NO;
				CLANG_ANALYZER_NONNULL = YES;
				CLANG_ANALYZER_NUMBER_OBJECT_CONVERSION = YES_AGGRESSIVE;
				CLANG_CXX_LANGUAGE_STANDARD = "gnu++14";
				CLANG_CXX_LIBRARY = "libc++";
				CLANG_ENABLE_MODULES = YES;
				CLANG_ENABLE_OBJC_ARC = YES;
				CLANG_ENABLE_OBJC_WEAK = YES;
				CLANG_WARN_BLOCK_CAPTURE_AUTORELEASING = YES;
				CLANG_WARN_BOOL_CONVERSION = YES;
				CLANG_WARN_COMMA = YES;
				CLANG_WARN_CONSTANT_CONVERSION = YES;
				CLANG_WARN_DEPRECATED_OBJC_IMPLEMENTATIONS = YES;
				CLANG_WARN_DIRECT_OBJC_ISA_USAGE = YES_ERROR;
				CLANG_WARN_DOCUMENTATION_COMMENTS = YES;
				CLANG_WARN_EMPTY_BODY = YES;
				CLANG_WARN_ENUM_CONVERSION = YES;
				CLANG_WARN_INFINITE_RECURSION = YES;
				CLANG_WARN_INT_CONVERSION = YES;
				CLANG_WARN_NON_LITERAL_NULL_CONVERSION = YES;
				CLANG_WARN_OBJC_IMPLICIT_RETAIN_SELF = YES;
				CLANG_WARN_OBJC_LITERAL_CONVERSION = YES;
				CLANG_WARN_OBJC_ROOT_CLASS = YES_ERROR;
				CLANG_WARN_RANGE_LOOP_ANALYSIS = YES;
				CLANG_WARN_STRICT_PROTOTYPES = YES;
				CLANG_WARN_SUSPICIOUS_MOVE = YES;
				CLANG_WARN_UNGUARDED_AVAILABILITY = YES_AGGRESSIVE;
				CLANG_WARN_UNREACHABLE_CODE = YES;
				CLANG_WARN__DUPLICATE_METHOD_MATCH = YES;
				COPY_PHASE_STRIP = NO;
				DEBUG_INFORMATION_FORMAT = "dwarf-with-dsym";
				ENABLE_NS_ASSERTIONS = NO;
				ENABLE_STRICT_OBJC_MSGSEND = YES;
				GCC_C_LANGUAGE_STANDARD = gnu11;
				GCC_NO_COMMON_BLOCKS = YES;
				GCC_WARN_64_TO_32_BIT_CONVERSION = YES;
				GCC_WARN_ABOUT_RETURN_TYPE = YES_ERROR;
				GCC_WARN_UNDECLARED_SELECTOR = YES;
				GCC_WARN_UNINITIALIZED_AUTOS = YES_AGGRESSIVE;
				GCC_WARN_UNUSED_FUNCTION = YES;
				GCC_WARN_UNUSED_VARIABLE = YES;
				MACOSX_DEPLOYMENT_TARGET = 10.15;
				MTL_ENABLE_DEBUG_INFO = NO;
				MTL_FAST_MATH = YES;
				SDKROOT = macosx;
				SWIFT_COMPILATION_MODE = wholemodule;
				SWIFT_OPTIMIZATION_LEVEL = "-O";
			};
			name = Release;
		};
		49AAB3E823F384CF00D30380 /* Debug */ = {
			isa = XCBuildConfiguration;
			buildSettings = {
				ASSETCATALOG_COMPILER_APPICON_NAME = AppIcon;
				CLANG_ENABLE_MODULES = YES;
				CODE_SIGN_ENTITLEMENTS = OnnxMnist/OnnxMnist.entitlements;
				CODE_SIGN_STYLE = Automatic;
				COMBINE_HIDPI_IMAGES = YES;
				DEVELOPMENT_ASSET_PATHS = "\"OnnxMnist/Preview Content\"";
				DEVELOPMENT_TEAM = PJQC57N853;
				ENABLE_HARDENED_RUNTIME = YES;
				ENABLE_PREVIEWS = YES;
				INFOPLIST_FILE = OnnxMnist/Info.plist;
				LD_RUNPATH_SEARCH_PATHS = (
					"$(inherited)",
					"@executable_path/../Frameworks",
				);
				LIBRARY_SEARCH_PATHS = (
					"$(inherited)",
					"$(PROJECT_DIR)/OnnxMnist",
				);
				MACOSX_DEPLOYMENT_TARGET = 10.15;
				PRODUCT_BUNDLE_IDENTIFIER = org.tirania.OnnxMnist;
				PRODUCT_NAME = "$(TARGET_NAME)";
				SWIFT_OBJC_BRIDGING_HEADER = "OnnxMnist/OnnxMnist-Bridging-Header.h";
				SWIFT_OPTIMIZATION_LEVEL = "-Onone";
				SWIFT_VERSION = 5.0;
			};
			name = Debug;
		};
		49AAB3E923F384CF00D30380 /* Release */ = {
			isa = XCBuildConfiguration;
			buildSettings = {
				ASSETCATALOG_COMPILER_APPICON_NAME = AppIcon;
				CLANG_ENABLE_MODULES = YES;
				CODE_SIGN_ENTITLEMENTS = OnnxMnist/OnnxMnist.entitlements;
				CODE_SIGN_STYLE = Automatic;
				COMBINE_HIDPI_IMAGES = YES;
				DEVELOPMENT_ASSET_PATHS = "\"OnnxMnist/Preview Content\"";
				DEVELOPMENT_TEAM = PJQC57N853;
				ENABLE_HARDENED_RUNTIME = YES;
				ENABLE_PREVIEWS = YES;
				INFOPLIST_FILE = OnnxMnist/Info.plist;
				LD_RUNPATH_SEARCH_PATHS = (
					"$(inherited)",
					"@executable_path/../Frameworks",
				);
				LIBRARY_SEARCH_PATHS = (
					"$(inherited)",
					"$(PROJECT_DIR)/OnnxMnist",
				);
				MACOSX_DEPLOYMENT_TARGET = 10.15;
				PRODUCT_BUNDLE_IDENTIFIER = org.tirania.OnnxMnist;
				PRODUCT_NAME = "$(TARGET_NAME)";
				SWIFT_OBJC_BRIDGING_HEADER = "OnnxMnist/OnnxMnist-Bridging-Header.h";
				SWIFT_VERSION = 5.0;
			};
			name = Release;
		};
/* End XCBuildConfiguration section */

/* Begin XCConfigurationList section */
		49AAB3CF23F384CD00D30380 /* Build configuration list for PBXProject "OnnxMnist" */ = {
			isa = XCConfigurationList;
			buildConfigurations = (
				49AAB3E523F384CF00D30380 /* Debug */,
				49AAB3E623F384CF00D30380 /* Release */,
			);
			defaultConfigurationIsVisible = 0;
			defaultConfigurationName = Release;
		};
		49AAB3E723F384CF00D30380 /* Build configuration list for PBXNativeTarget "OnnxMnist" */ = {
			isa = XCConfigurationList;
			buildConfigurations = (
				49AAB3E823F384CF00D30380 /* Debug */,
				49AAB3E923F384CF00D30380 /* Release */,
			);
			defaultConfigurationIsVisible = 0;
			defaultConfigurationName = Release;
		};
/* End XCConfigurationList section */
	};
	rootObject = 49AAB3CC23F384CD00D30380 /* Project object */;
}
