// !$*UTF8*$!
{
	archiveVersion = 1;
	classes = {
	};
	objectVersion = 50;
	objects = {

/* Begin PBXBuildFile section */
		49AAB3D823F384CD00D30380 /* AppDelegate.swift in Sources */ = {isa = PBXBuildFile; fileRef = 49AAB3D723F384CD00D30380 /* AppDelegate.swift */; };
		49AAB3DA23F384CD00D30380 /* ContentView.swift in Sources */ = {isa = PBXBuildFile; fileRef = 49AAB3D923F384CD00D30380 /* ContentView.swift */; };
		49AAB3DC23F384CF00D30380 /* Assets.xcassets in Resources */ = {isa = PBXBuildFile; fileRef = 49AAB3DB23F384CF00D30380 /* Assets.xcassets */; };
		49AAB3DF23F384CF00D30380 /* Preview Assets.xcassets in Resources */ = {isa = PBXBuildFile; fileRef = 49AAB3DE23F384CF00D30380 /* Preview Assets.xcassets */; };
		49AAB3E223F384CF00D30380 /* Main.storyboard in Resources */ = {isa = PBXBuildFile; fileRef = 49AAB3E023F384CF00D30380 /* Main.storyboard */; };
/* End PBXBuildFile section */

/* Begin PBXFileReference section */
		49AAB3D423F384CD00D30380 /* OnnxMnist.app */ = {isa = PBXFileReference; explicitFileType = wrapper.application; includeInIndex = 0; path = OnnxMnist.app; sourceTree = BUILT_PRODUCTS_DIR; };
		49AAB3D723F384CD00D30380 /* AppDelegate.swift */ = {isa = PBXFileReference; lastKnownFileType = sourcecode.swift; path = AppDelegate.swift; sourceTree = "<group>"; };
		49AAB3D923F384CD00D30380 /* ContentView.swift */ = {isa = PBXFileReference; lastKnownFileType = sourcecode.swift; path = ContentView.swift; sourceTree = "<group>"; };
		49AAB3DB23F384CF00D30380 /* Assets.xcassets */ = {isa = PBXFileReference; lastKnownFileType = folder.assetcatalog; path = Assets.xcassets; sourceTree = "<group>"; };
		49AAB3DE23F384CF00D30380 /* Preview Assets.xcassets */ = {isa = PBXFileReference; lastKnownFileType = folder.assetcatalog; path = "Preview Assets.xcassets"; sourceTree = "<group>"; };
		49AAB3E123F384CF00D30380 /* Base */ = {isa = PBXFileReference; lastKnownFileType = file.storyboard; name = Base; path = Base.lproj/Main.storyboard; sourceTree = "<group>"; };
		49AAB3E323F384CF00D30380 /* Info.plist */ = {isa = PBXFileReference; lastKnownFileType = text.plist.xml; path = Info.plist; sourceTree = "<group>"; };
		49AAB3E423F384CF00D30380 /* OnnxMnist.entitlements */ = {isa = PBXFileReference; lastKnownFileType = text.plist.entitlements; path = OnnxMnist.entitlements; sourceTree = "<group>"; };
/* End PBXFileReference section */

/* Begin PBXFrameworksBuildPhase section */
		49AAB3D123F384CD00D30380 /* Frameworks */ = {
			isa = PBXFrameworksBuildPhase;
			buildActionMask = 2147483647;
			files = (
			);
			runOnlyForDeploymentPostprocessing = 0;
		};
/* End PBXFrameworksBuildPhase section */

/* Begin PBXGroup section */
		49AAB3CB23F384CD00D30380 = {
			isa = PBXGroup;
			children = (
				49AAB3D623F384CD00D30380 /* OnnxMnist */,
				49AAB3D523F384CD00D30380 /* Products */,
			);
			sourceTree = "<group>";
		};
		49AAB3D523F384CD00D30380 /* Products */ = {
			isa = PBXGroup;
			children = (
				49AAB3D423F384CD00D30380 /* OnnxMnist.app */,
			);
			name = Products;
			sourceTree = "<group>";
		};
		49AAB3D623F384CD00D30380 /* OnnxMnist */ = {
			isa = PBXGroup;
			children = (
				49AAB3D723F384CD00D30380 /* AppDelegate.swift */,
				49AAB3D923F384CD00D30380 /* ContentView.swift */,
				49AAB3DB23F384CF00D30380 /* Assets.xcassets */,
				49AAB3E023F384CF00D30380 /* Main.storyboard */,
				49AAB3E323F384CF00D30380 /* Info.plist */,
				49AAB3E423F384CF00D30380 /* OnnxMnist.entitlements */,
				49AAB3DD23F384CF00D30380 /* Preview Content */,
			);
			path = OnnxMnist;
			sourceTree = "<group>";
		};
		49AAB3DD23F384CF00D30380 /* Preview Content */ = {
			isa = PBXGroup;
			children = (
				49AAB3DE23F384CF00D30380 /* Preview Assets.xcassets */,
			);
			path = "Preview Content";
			sourceTree = "<group>";
		};
/* End PBXGroup section */

/* Begin PBXNativeTarget section */
		49AAB3D323F384CD00D30380 /* OnnxMnist */ = {
			isa = PBXNativeTarget;
			buildConfigurationList = 49AAB3E723F384CF00D30380 /* Build configuration list for PBXNativeTarget "OnnxMnist" */;
			buildPhases = (
				49AAB3D023F384CD00D30380 /* Sources */,
				49AAB3D123F384CD00D30380 /* Frameworks */,
				49AAB3D223F384CD00D30380 /* Resources */,
			);
			buildRules = (
			);
			dependencies = (
			);
			name = OnnxMnist;
			productName = OnnxMnist;
			productReference = 49AAB3D423F384CD00D30380 /* OnnxMnist.app */;
			productType = "com.apple.product-type.application";
		};
/* End PBXNativeTarget section */

/* Begin PBXProject section */
		49AAB3CC23F384CD00D30380 /* Project object */ = {
			isa = PBXProject;
			attributes = {
				LastSwiftUpdateCheck = 1140;
				LastUpgradeCheck = 1140;
				ORGANIZATIONNAME = "Miguel de Icaza";
				TargetAttributes = {
					49AAB3D323F384CD00D30380 = {
						CreatedOnToolsVersion = 11.4;
					};
				};
			};
			buildConfigurationList = 49AAB3CF23F384CD00D30380 /* Build configuration list for PBXProject "OnnxMnist" */;
			compatibilityVersion = "Xcode 9.3";
			developmentRegion = en;
			hasScannedForEncodings = 0;
			knownRegions = (
				en,
				Base,
			);
			mainGroup = 49AAB3CB23F384CD00D30380;
			productRefGroup = 49AAB3D523F384CD00D30380 /* Products */;
			projectDirPath = "";
			projectRoot = "";
			targets = (
				49AAB3D323F384CD00D30380 /* OnnxMnist */,
			);
		};
/* End PBXProject section */

/* Begin PBXResourcesBuildPhase section */
		49AAB3D223F384CD00D30380 /* Resources */ = {
			isa = PBXResourcesBuildPhase;
			buildActionMask = 2147483647;
			files = (
				49AAB3E223F384CF00D30380 /* Main.storyboard in Resources */,
				49AAB3DF23F384CF00D30380 /* Preview Assets.xcassets in Resources */,
				49AAB3DC23F384CF00D30380 /* Assets.xcassets in Resources */,
			);
			runOnlyForDeploymentPostprocessing = 0;
		};
/* End PBXResourcesBuildPhase section */

/* Begin PBXSourcesBuildPhase section */
		49AAB3D023F384CD00D30380 /* Sources */ = {
			isa = PBXSourcesBuildPhase;
			buildActionMask = 2147483647;
			files = (
				49AAB3DA23F384CD00D30380 /* ContentView.swift in Sources */,
				49AAB3D823F384CD00D30380 /* AppDelegate.swift in Sources */,
			);
			runOnlyForDeploymentPostprocessing = 0;
		};
/* End PBXSourcesBuildPhase section */

/* Begin PBXVariantGroup section */
		49AAB3E023F384CF00D30380 /* Main.storyboard */ = {
			isa = PBXVariantGroup;
			children = (
				49AAB3E123F384CF00D30380 /* Base */,
			);
			name = Main.storyboard;
			sourceTree = "<group>";
		};
/* End PBXVariantGroup section */

/* Begin XCBuildConfiguration section */
		49AAB3E523F384CF00D30380 /* Debug */ = {
			isa = XCBuildConfiguration;
			buildSettings = {
				ALWAYS_SEARCH_USER_PATHS = NO;
				CLANG_ANALYZER_NONNULL = YES;
				CLANG_ANALYZER_NUMBER_OBJECT_CONVERSION = YES_AGGRESSIVE;
				CLANG_CXX_LANGUAGE_STANDARD = "gnu++14";
				CLANG_CXX_LIBRARY = "libc++";
				CLANG_ENABLE_MODULES = YES;
				CLANG_ENABLE_OBJC_ARC = YES;
				CLANG_ENABLE_OBJC_WEAK = YES;
				CLANG_WARN_BLOCK_CAPTURE_AUTORELEASING = YES;
				CLANG_WARN_BOOL_CONVERSION = YES;
				CLANG_WARN_COMMA = YES;
				CLANG_WARN_CONSTANT_CONVERSION = YES;
				CLANG_WARN_DEPRECATED_OBJC_IMPLEMENTATIONS = YES;
				CLANG_WARN_DIRECT_OBJC_ISA_USAGE = YES_ERROR;
				CLANG_WARN_DOCUMENTATION_COMMENTS = YES;
				CLANG_WARN_EMPTY_BODY = YES;
				CLANG_WARN_ENUM_CONVERSION = YES;
				CLANG_WARN_INFINITE_RECURSION = YES;
				CLANG_WARN_INT_CONVERSION = YES;
				CLANG_WARN_NON_LITERAL_NULL_CONVERSION = YES;
				CLANG_WARN_OBJC_IMPLICIT_RETAIN_SELF = YES;
				CLANG_WARN_OBJC_LITERAL_CONVERSION = YES;
				CLANG_WARN_OBJC_ROOT_CLASS = YES_ERROR;
				CLANG_WARN_RANGE_LOOP_ANALYSIS = YES;
				CLANG_WARN_STRICT_PROTOTYPES = YES;
				CLANG_WARN_SUSPICIOUS_MOVE = YES;
				CLANG_WARN_UNGUARDED_AVAILABILITY = YES_AGGRESSIVE;
				CLANG_WARN_UNREACHABLE_CODE = YES;
				CLANG_WARN__DUPLICATE_METHOD_MATCH = YES;
				COPY_PHASE_STRIP = NO;
				DEBUG_INFORMATION_FORMAT = dwarf;
				ENABLE_STRICT_OBJC_MSGSEND = YES;
				ENABLE_TESTABILITY = YES;
				GCC_C_LANGUAGE_STANDARD = gnu11;
				GCC_DYNAMIC_NO_PIC = NO;
				GCC_NO_COMMON_BLOCKS = YES;
				GCC_OPTIMIZATION_LEVEL = 0;
				GCC_PREPROCESSOR_DEFINITIONS = (
					"DEBUG=1",
					"$(inherited)",
				);
				GCC_WARN_64_TO_32_BIT_CONVERSION = YES;
				GCC_WARN_ABOUT_RETURN_TYPE = YES_ERROR;
				GCC_WARN_UNDECLARED_SELECTOR = YES;
				GCC_WARN_UNINITIALIZED_AUTOS = YES_AGGRESSIVE;
				GCC_WARN_UNUSED_FUNCTION = YES;
				GCC_WARN_UNUSED_VARIABLE = YES;
				MACOSX_DEPLOYMENT_TARGET = 10.15;
				MTL_ENABLE_DEBUG_INFO = INCLUDE_SOURCE;
				MTL_FAST_MATH = YES;
				ONLY_ACTIVE_ARCH = YES;
				SDKROOT = macosx;
				SWIFT_ACTIVE_COMPILATION_CONDITIONS = DEBUG;
				SWIFT_OPTIMIZATION_LEVEL = "-Onone";
			};
			name = Debug;
		};
		49AAB3E623F384CF00D30380 /* Release */ = {
			isa = XCBuildConfiguration;
			buildSettings = {
				ALWAYS_SEARCH_USER_PATHS = NO;
				CLANG_ANALYZER_NONNULL = YES;
				CLANG_ANALYZER_NUMBER_OBJECT_CONVERSION = YES_AGGRESSIVE;
				CLANG_CXX_LANGUAGE_STANDARD = "gnu++14";
				CLANG_CXX_LIBRARY = "libc++";
				CLANG_ENABLE_MODULES = YES;
				CLANG_ENABLE_OBJC_ARC = YES;
				CLANG_ENABLE_OBJC_WEAK = YES;
				CLANG_WARN_BLOCK_CAPTURE_AUTORELEASING = YES;
				CLANG_WARN_BOOL_CONVERSION = YES;
				CLANG_WARN_COMMA = YES;
				CLANG_WARN_CONSTANT_CONVERSION = YES;
				CLANG_WARN_DEPRECATED_OBJC_IMPLEMENTATIONS = YES;
				CLANG_WARN_DIRECT_OBJC_ISA_USAGE = YES_ERROR;
				CLANG_WARN_DOCUMENTATION_COMMENTS = YES;
				CLANG_WARN_EMPTY_BODY = YES;
				CLANG_WARN_ENUM_CONVERSION = YES;
				CLANG_WARN_INFINITE_RECURSION = YES;
				CLANG_WARN_INT_CONVERSION = YES;
				CLANG_WARN_NON_LITERAL_NULL_CONVERSION = YES;
				CLANG_WARN_OBJC_IMPLICIT_RETAIN_SELF = YES;
				CLANG_WARN_OBJC_LITERAL_CONVERSION = YES;
				CLANG_WARN_OBJC_ROOT_CLASS = YES_ERROR;
				CLANG_WARN_RANGE_LOOP_ANALYSIS = YES;
				CLANG_WARN_STRICT_PROTOTYPES = YES;
				CLANG_WARN_SUSPICIOUS_MOVE = YES;
				CLANG_WARN_UNGUARDED_AVAILABILITY = YES_AGGRESSIVE;
				CLANG_WARN_UNREACHABLE_CODE = YES;
				CLANG_WARN__DUPLICATE_METHOD_MATCH = YES;
				COPY_PHASE_STRIP = NO;
				DEBUG_INFORMATION_FORMAT = "dwarf-with-dsym";
				ENABLE_NS_ASSERTIONS = NO;
				ENABLE_STRICT_OBJC_MSGSEND = YES;
				GCC_C_LANGUAGE_STANDARD = gnu11;
				GCC_NO_COMMON_BLOCKS = YES;
				GCC_WARN_64_TO_32_BIT_CONVERSION = YES;
				GCC_WARN_ABOUT_RETURN_TYPE = YES_ERROR;
				GCC_WARN_UNDECLARED_SELECTOR = YES;
				GCC_WARN_UNINITIALIZED_AUTOS = YES_AGGRESSIVE;
				GCC_WARN_UNUSED_FUNCTION = YES;
				GCC_WARN_UNUSED_VARIABLE = YES;
				MACOSX_DEPLOYMENT_TARGET = 10.15;
				MTL_ENABLE_DEBUG_INFO = NO;
				MTL_FAST_MATH = YES;
				SDKROOT = macosx;
				SWIFT_COMPILATION_MODE = wholemodule;
				SWIFT_OPTIMIZATION_LEVEL = "-O";
			};
			name = Release;
		};
		49AAB3E823F384CF00D30380 /* Debug */ = {
			isa = XCBuildConfiguration;
			buildSettings = {
				ASSETCATALOG_COMPILER_APPICON_NAME = AppIcon;
				CODE_SIGN_ENTITLEMENTS = OnnxMnist/OnnxMnist.entitlements;
				CODE_SIGN_STYLE = Automatic;
				COMBINE_HIDPI_IMAGES = YES;
				DEVELOPMENT_ASSET_PATHS = "\"OnnxMnist/Preview Content\"";
				DEVELOPMENT_TEAM = PJQC57N853;
				ENABLE_HARDENED_RUNTIME = YES;
				ENABLE_PREVIEWS = YES;
				INFOPLIST_FILE = OnnxMnist/Info.plist;
				LD_RUNPATH_SEARCH_PATHS = (
					"$(inherited)",
					"@executable_path/../Frameworks",
				);
				MACOSX_DEPLOYMENT_TARGET = 10.15;
				PRODUCT_BUNDLE_IDENTIFIER = org.tirania.OnnxMnist;
				PRODUCT_NAME = "$(TARGET_NAME)";
				SWIFT_VERSION = 5.0;
			};
			name = Debug;
		};
		49AAB3E923F384CF00D30380 /* Release */ = {
			isa = XCBuildConfiguration;
			buildSettings = {
				ASSETCATALOG_COMPILER_APPICON_NAME = AppIcon;
				CODE_SIGN_ENTITLEMENTS = OnnxMnist/OnnxMnist.entitlements;
				CODE_SIGN_STYLE = Automatic;
				COMBINE_HIDPI_IMAGES = YES;
				DEVELOPMENT_ASSET_PATHS = "\"OnnxMnist/Preview Content\"";
				DEVELOPMENT_TEAM = PJQC57N853;
				ENABLE_HARDENED_RUNTIME = YES;
				ENABLE_PREVIEWS = YES;
				INFOPLIST_FILE = OnnxMnist/Info.plist;
				LD_RUNPATH_SEARCH_PATHS = (
					"$(inherited)",
					"@executable_path/../Frameworks",
				);
				MACOSX_DEPLOYMENT_TARGET = 10.15;
				PRODUCT_BUNDLE_IDENTIFIER = org.tirania.OnnxMnist;
				PRODUCT_NAME = "$(TARGET_NAME)";
				SWIFT_VERSION = 5.0;
			};
			name = Release;
		};
/* End XCBuildConfiguration section */

/* Begin XCConfigurationList section */
		49AAB3CF23F384CD00D30380 /* Build configuration list for PBXProject "OnnxMnist" */ = {
			isa = XCConfigurationList;
			buildConfigurations = (
				49AAB3E523F384CF00D30380 /* Debug */,
				49AAB3E623F384CF00D30380 /* Release */,
			);
			defaultConfigurationIsVisible = 0;
			defaultConfigurationName = Release;
		};
		49AAB3E723F384CF00D30380 /* Build configuration list for PBXNativeTarget "OnnxMnist" */ = {
			isa = XCConfigurationList;
			buildConfigurations = (
				49AAB3E823F384CF00D30380 /* Debug */,
				49AAB3E923F384CF00D30380 /* Release */,
			);
			defaultConfigurationIsVisible = 0;
			defaultConfigurationName = Release;
		};
/* End XCConfigurationList section */
	};
	rootObject = 49AAB3CC23F384CD00D30380 /* Project object */;
}
